
Microsoft Visual Studio Solution File, Format Version 12.00
# Visual Studio Version 16
VisualStudioVersion = 16.0.30516.212
MinimumVisualStudioVersion = 10.0.40219.1
Project("{FAE04EC0-301F-11D3-BF4B-00C04F79EFBC}") = "BlazorWinformsStandAloneApplication", "BlazorWinformsStandAloneApplication\BlazorWinformsStandAloneApplication.csproj", "{762DC031-3DFF-4E3B-8C71-292C025B41D8}"
EndProject
Project("{9A19103F-16F7-4668-BE54-9A1E7A4F7556}") = "BlazorServer", "BlazorServer\BlazorServer\BlazorServer.csproj", "{30581CA3-0081-4B73-87F9-BFAD37FCF0A8}"
EndProject
Global
	GlobalSection(SolutionConfigurationPlatforms) = preSolution
		Debug|Any CPU = Debug|Any CPU
		Release|Any CPU = Release|Any CPU
	EndGlobalSection
	GlobalSection(ProjectConfigurationPlatforms) = postSolution
		{762DC031-3DFF-4E3B-8C71-292C025B41D8}.Debug|Any CPU.ActiveCfg = Debug|Any CPU
		{762DC031-3DFF-4E3B-8C71-292C025B41D8}.Debug|Any CPU.Build.0 = Debug|Any CPU
		{762DC031-3DFF-4E3B-8C71-292C025B41D8}.Release|Any CPU.ActiveCfg = Release|Any CPU
		{762DC031-3DFF-4E3B-8C71-292C025B41D8}.Release|Any CPU.Build.0 = Release|Any CPU
		{30581CA3-0081-4B73-87F9-BFAD37FCF0A8}.Debug|Any CPU.ActiveCfg = Debug|Any CPU
		{30581CA3-0081-4B73-87F9-BFAD37FCF0A8}.Debug|Any CPU.Build.0 = Debug|Any CPU
		{30581CA3-0081-4B73-87F9-BFAD37FCF0A8}.Release|Any CPU.ActiveCfg = Release|Any CPU
		{30581CA3-0081-4B73-87F9-BFAD37FCF0A8}.Release|Any CPU.Build.0 = Release|Any CPU
	EndGlobalSection
	GlobalSection(SolutionProperties) = preSolution
		HideSolutionNode = FALSE
	EndGlobalSection
	GlobalSection(ExtensibilityGlobals) = postSolution
		SolutionGuid = {757A7045-C8DF-420A-A046-6FA5656532D1}
	EndGlobalSection
EndGlobal
